
Microsoft Visual Studio Solution File, Format Version 12.00
# Visual Studio Version 17
VisualStudioVersion = 17.1.32328.378
MinimumVisualStudioVersion = 10.0.40219.1
Project("{FAE04EC0-301F-11D3-BF4B-00C04F79EFBC}") = "SharepointTestApp", "SharepointTestApp.csproj", "{84228784-EA4E-4F2D-9AC2-31543E2D915E}"
EndProject
Global
	GlobalSection(SolutionConfigurationPlatforms) = preSolution
		Debug|Any CPU = Debug|Any CPU
		Release|Any CPU = Release|Any CPU
	EndGlobalSection
	GlobalSection(ProjectConfigurationPlatforms) = postSolution
		{84228784-EA4E-4F2D-9AC2-31543E2D915E}.Debug|Any CPU.ActiveCfg = Debug|Any CPU
		{84228784-EA4E-4F2D-9AC2-31543E2D915E}.Debug|Any CPU.Build.0 = Debug|Any CPU
		{84228784-EA4E-4F2D-9AC2-31543E2D915E}.Release|Any CPU.ActiveCfg = Release|Any CPU
		{84228784-EA4E-4F2D-9AC2-31543E2D915E}.Release|Any CPU.Build.0 = Release|Any CPU
	EndGlobalSection
	GlobalSection(SolutionProperties) = preSolution
		HideSolutionNode = FALSE
	EndGlobalSection
	GlobalSection(ExtensibilityGlobals) = postSolution
		SolutionGuid = {5F5219A0-A6D8-41AA-995B-9891A1E8C721}
	EndGlobalSection
EndGlobal
